# This file is autogenerated, do not edit; changes may be undone by the next 'dep ensure'.


[[projects]]
  name = "github.com/davecgh/go-spew"
  packages = ["spew"]
  revision = "346938d642f2ec3594ed81d874461961cd0faa76"
  version = "v1.1.0"

[[projects]]
  name = "github.com/gorilla/context"
  packages = ["."]
  revision = "1ea25387ff6f684839d82767c1733ff4d4d15d0a"
  version = "v1.1"

[[projects]]
  name = "github.com/gorilla/handlers"
  packages = ["."]
  revision = "90663712d74cb411cbef281bc1e08c19d1a76145"
  version = "v1.3.0"

[[projects]]
  name = "github.com/gorilla/mux"
  packages = ["."]
  revision = "53c1911da2b537f792e7cafcb446b05ffe33b996"
  version = "v1.6.1"

[[projects]]
  name = "github.com/jackc/pgx"
  packages = [
    ".",
    "chunkreader",
    "internal/sanitize",
    "pgio",
    "pgproto3",
    "pgtype"
  ]
  revision = "da3231b0b66e2e74cdb779f1d46c5e958ba8be27"
  version = "v3.1.0"

[[projects]]
  name = "github.com/pkg/errors"
  packages = ["."]
  revision = "645ef00459ed84a119197bfb8d8205042c6df63d"
  version = "v0.8.0"

[[projects]]
  name = "github.com/pmezard/go-difflib"
  packages = ["difflib"]
  revision = "792786c7400a136282c1664665ae0a8db921c6c2"
  version = "v1.0.0"

[[projects]]
  branch = "master"
  name = "github.com/stretchr/testify"
  packages = ["assert"]
  revision = "be8372ae8ec5c6daaed3cc28ebf73c54b737c240"

[solve-meta]
  analyzer-name = "dep"
  analyzer-version = 1
  inputs-digest = "96d9cedff5be54e9f5ea15d6f6d191b91a5c2c02f3fd01897e4f54e460a066c4"
  solver-name = "gps-cdcl"
  solver-version = 1
